// !$*UTF8*$!
{
	archiveVersion = 1;
	classes = {
	};
	objectVersion = 50;
	objects = {

/* Begin PBXBuildFile section */
		FA259559261F724C00E08CAD /* Order.swift in Sources */ = {isa = PBXBuildFile; fileRef = FA259558261F724C00E08CAD /* Order.swift */; };
		FA25955C261F774F00E08CAD /* AddressView.swift in Sources */ = {isa = PBXBuildFile; fileRef = FA25955B261F774F00E08CAD /* AddressView.swift */; };
		FA25955F261F77FB00E08CAD /* CheckoutView.swift in Sources */ = {isa = PBXBuildFile; fileRef = FA25955E261F77FB00E08CAD /* CheckoutView.swift */; };
		FADC24E2261F5E2F00BC9390 /* HWS_10_CupcakeCornerApp.swift in Sources */ = {isa = PBXBuildFile; fileRef = FADC24E1261F5E2F00BC9390 /* HWS_10_CupcakeCornerApp.swift */; };
		FADC24E4261F5E2F00BC9390 /* ContentView.swift in Sources */ = {isa = PBXBuildFile; fileRef = FADC24E3261F5E2F00BC9390 /* ContentView.swift */; };
		FADC24E6261F5E3000BC9390 /* Assets.xcassets in Resources */ = {isa = PBXBuildFile; fileRef = FADC24E5261F5E3000BC9390 /* Assets.xcassets */; };
		FADC24E9261F5E3000BC9390 /* Preview Assets.xcassets in Resources */ = {isa = PBXBuildFile; fileRef = FADC24E8261F5E3000BC9390 /* Preview Assets.xcassets */; };
/* End PBXBuildFile section */

/* Begin PBXFileReference section */
		FA259558261F724C00E08CAD /* Order.swift */ = {isa = PBXFileReference; lastKnownFileType = sourcecode.swift; path = Order.swift; sourceTree = "<group>"; };
		FA25955B261F774F00E08CAD /* AddressView.swift */ = {isa = PBXFileReference; lastKnownFileType = sourcecode.swift; path = AddressView.swift; sourceTree = "<group>"; };
		FA25955E261F77FB00E08CAD /* CheckoutView.swift */ = {isa = PBXFileReference; lastKnownFileType = sourcecode.swift; path = CheckoutView.swift; sourceTree = "<group>"; };
		FADC24DE261F5E2F00BC9390 /* HWS-10-CupcakeCorner.app */ = {isa = PBXFileReference; explicitFileType = wrapper.application; includeInIndex = 0; path = "HWS-10-CupcakeCorner.app"; sourceTree = BUILT_PRODUCTS_DIR; };
		FADC24E1261F5E2F00BC9390 /* HWS_10_CupcakeCornerApp.swift */ = {isa = PBXFileReference; lastKnownFileType = sourcecode.swift; path = HWS_10_CupcakeCornerApp.swift; sourceTree = "<group>"; };
		FADC24E3261F5E2F00BC9390 /* ContentView.swift */ = {isa = PBXFileReference; lastKnownFileType = sourcecode.swift; path = ContentView.swift; sourceTree = "<group>"; };
		FADC24E5261F5E3000BC9390 /* Assets.xcassets */ = {isa = PBXFileReference; lastKnownFileType = folder.assetcatalog; path = Assets.xcassets; sourceTree = "<group>"; };
		FADC24E8261F5E3000BC9390 /* Preview Assets.xcassets */ = {isa = PBXFileReference; lastKnownFileType = folder.assetcatalog; path = "Preview Assets.xcassets"; sourceTree = "<group>"; };
		FADC24EA261F5E3000BC9390 /* Info.plist */ = {isa = PBXFileReference; lastKnownFileType = text.plist.xml; path = Info.plist; sourceTree = "<group>"; };
/* End PBXFileReference section */

/* Begin PBXFrameworksBuildPhase section */
		FADC24DB261F5E2F00BC9390 /* Frameworks */ = {
			isa = PBXFrameworksBuildPhase;
			buildActionMask = 2147483647;
			files = (
			);
			runOnlyForDeploymentPostprocessing = 0;
		};
/* End PBXFrameworksBuildPhase section */

/* Begin PBXGroup section */
		FADC24D5261F5E2F00BC9390 = {
			isa = PBXGroup;
			children = (
				FADC24E0261F5E2F00BC9390 /* HWS-10-CupcakeCorner */,
				FADC24DF261F5E2F00BC9390 /* Products */,
			);
			sourceTree = "<group>";
		};
		FADC24DF261F5E2F00BC9390 /* Products */ = {
			isa = PBXGroup;
			children = (
				FADC24DE261F5E2F00BC9390 /* HWS-10-CupcakeCorner.app */,
			);
			name = Products;
			sourceTree = "<group>";
		};
		FADC24E0261F5E2F00BC9390 /* HWS-10-CupcakeCorner */ = {
			isa = PBXGroup;
			children = (
				FADC24E1261F5E2F00BC9390 /* HWS_10_CupcakeCornerApp.swift */,
				FADC24E3261F5E2F00BC9390 /* ContentView.swift */,
				FA25955B261F774F00E08CAD /* AddressView.swift */,
				FA25955E261F77FB00E08CAD /* CheckoutView.swift */,
				FA259558261F724C00E08CAD /* Order.swift */,
				FADC24E5261F5E3000BC9390 /* Assets.xcassets */,
				FADC24EA261F5E3000BC9390 /* Info.plist */,
				FADC24E7261F5E3000BC9390 /* Preview Content */,
			);
			path = "HWS-10-CupcakeCorner";
			sourceTree = "<group>";
		};
		FADC24E7261F5E3000BC9390 /* Preview Content */ = {
			isa = PBXGroup;
			children = (
				FADC24E8261F5E3000BC9390 /* Preview Assets.xcassets */,
			);
			path = "Preview Content";
			sourceTree = "<group>";
		};
/* End PBXGroup section */

/* Begin PBXNativeTarget section */
		FADC24DD261F5E2F00BC9390 /* HWS-10-CupcakeCorner */ = {
			isa = PBXNativeTarget;
			buildConfigurationList = FADC24ED261F5E3000BC9390 /* Build configuration list for PBXNativeTarget "HWS-10-CupcakeCorner" */;
			buildPhases = (
				FADC24DA261F5E2F00BC9390 /* Sources */,
				FADC24DB261F5E2F00BC9390 /* Frameworks */,
				FADC24DC261F5E2F00BC9390 /* Resources */,
			);
			buildRules = (
			);
			dependencies = (
			);
			name = "HWS-10-CupcakeCorner";
			productName = "HWS-10-CupcakeCorner";
			productReference = FADC24DE261F5E2F00BC9390 /* HWS-10-CupcakeCorner.app */;
			productType = "com.apple.product-type.application";
		};
/* End PBXNativeTarget section */

/* Begin PBXProject section */
		FADC24D6261F5E2F00BC9390 /* Project object */ = {
			isa = PBXProject;
			attributes = {
				LastSwiftUpdateCheck = 1240;
				LastUpgradeCheck = 1240;
				TargetAttributes = {
					FADC24DD261F5E2F00BC9390 = {
						CreatedOnToolsVersion = 12.4;
					};
				};
			};
			buildConfigurationList = FADC24D9261F5E2F00BC9390 /* Build configuration list for PBXProject "HWS-10-CupcakeCorner" */;
			compatibilityVersion = "Xcode 9.3";
			developmentRegion = en;
			hasScannedForEncodings = 0;
			knownRegions = (
				en,
				Base,
			);
			mainGroup = FADC24D5261F5E2F00BC9390;
			productRefGroup = FADC24DF261F5E2F00BC9390 /* Products */;
			projectDirPath = "";
			projectRoot = "";
			targets = (
				FADC24DD261F5E2F00BC9390 /* HWS-10-CupcakeCorner */,
			);
		};
/* End PBXProject section */

/* Begin PBXResourcesBuildPhase section */
		FADC24DC261F5E2F00BC9390 /* Resources */ = {
			isa = PBXResourcesBuildPhase;
			buildActionMask = 2147483647;
			files = (
				FADC24E9261F5E3000BC9390 /* Preview Assets.xcassets in Resources */,
				FADC24E6261F5E3000BC9390 /* Assets.xcassets in Resources */,
			);
			runOnlyForDeploymentPostprocessing = 0;
		};
/* End PBXResourcesBuildPhase section */

/* Begin PBXSourcesBuildPhase section */
		FADC24DA261F5E2F00BC9390 /* Sources */ = {
			isa = PBXSourcesBuildPhase;
			buildActionMask = 2147483647;
			files = (
				FA259559261F724C00E08CAD /* Order.swift in Sources */,
				FA25955C261F774F00E08CAD /* AddressView.swift in Sources */,
				FA25955F261F77FB00E08CAD /* CheckoutView.swift in Sources */,
				FADC24E4261F5E2F00BC9390 /* ContentView.swift in Sources */,
				FADC24E2261F5E2F00BC9390 /* HWS_10_CupcakeCornerApp.swift in Sources */,
			);
			runOnlyForDeploymentPostprocessing = 0;
		};
/* End PBXSourcesBuildPhase section */

/* Begin XCBuildConfiguration section */
		FADC24EB261F5E3000BC9390 /* Debug */ = {
			isa = XCBuildConfiguration;
			buildSettings = {
				ALWAYS_SEARCH_USER_PATHS = NO;
				CLANG_ANALYZER_NONNULL = YES;
				CLANG_ANALYZER_NUMBER_OBJECT_CONVERSION = YES_AGGRESSIVE;
				CLANG_CXX_LANGUAGE_STANDARD = "gnu++14";
				CLANG_CXX_LIBRARY = "libc++";
				CLANG_ENABLE_MODULES = YES;
				CLANG_ENABLE_OBJC_ARC = YES;
				CLANG_ENABLE_OBJC_WEAK = YES;
				CLANG_WARN_BLOCK_CAPTURE_AUTORELEASING = YES;
				CLANG_WARN_BOOL_CONVERSION = YES;
				CLANG_WARN_COMMA = YES;
				CLANG_WARN_CONSTANT_CONVERSION = YES;
				CLANG_WARN_DEPRECATED_OBJC_IMPLEMENTATIONS = YES;
				CLANG_WARN_DIRECT_OBJC_ISA_USAGE = YES_ERROR;
				CLANG_WARN_DOCUMENTATION_COMMENTS = YES;
				CLANG_WARN_EMPTY_BODY = YES;
				CLANG_WARN_ENUM_CONVERSION = YES;
				CLANG_WARN_INFINITE_RECURSION = YES;
				CLANG_WARN_INT_CONVERSION = YES;
				CLANG_WARN_NON_LITERAL_NULL_CONVERSION = YES;
				CLANG_WARN_OBJC_IMPLICIT_RETAIN_SELF = YES;
				CLANG_WARN_OBJC_LITERAL_CONVERSION = YES;
				CLANG_WARN_OBJC_ROOT_CLASS = YES_ERROR;
				CLANG_WARN_QUOTED_INCLUDE_IN_FRAMEWORK_HEADER = YES;
				CLANG_WARN_RANGE_LOOP_ANALYSIS = YES;
				CLANG_WARN_STRICT_PROTOTYPES = YES;
				CLANG_WARN_SUSPICIOUS_MOVE = YES;
				CLANG_WARN_UNGUARDED_AVAILABILITY = YES_AGGRESSIVE;
				CLANG_WARN_UNREACHABLE_CODE = YES;
				CLANG_WARN__DUPLICATE_METHOD_MATCH = YES;
				COPY_PHASE_STRIP = NO;
				DEBUG_INFORMATION_FORMAT = dwarf;
				ENABLE_STRICT_OBJC_MSGSEND = YES;
				ENABLE_TESTABILITY = YES;
				GCC_C_LANGUAGE_STANDARD = gnu11;
				GCC_DYNAMIC_NO_PIC = NO;
				GCC_NO_COMMON_BLOCKS = YES;
				GCC_OPTIMIZATION_LEVEL = 0;
				GCC_PREPROCESSOR_DEFINITIONS = (
					"DEBUG=1",
					"$(inherited)",
				);
				GCC_WARN_64_TO_32_BIT_CONVERSION = YES;
				GCC_WARN_ABOUT_RETURN_TYPE = YES_ERROR;
				GCC_WARN_UNDECLARED_SELECTOR = YES;
				GCC_WARN_UNINITIALIZED_AUTOS = YES_AGGRESSIVE;
				GCC_WARN_UNUSED_FUNCTION = YES;
				GCC_WARN_UNUSED_VARIABLE = YES;
				IPHONEOS_DEPLOYMENT_TARGET = 14.4;
				MTL_ENABLE_DEBUG_INFO = INCLUDE_SOURCE;
				MTL_FAST_MATH = YES;
				ONLY_ACTIVE_ARCH = YES;
				SDKROOT = iphoneos;
				SWIFT_ACTIVE_COMPILATION_CONDITIONS = DEBUG;
				SWIFT_OPTIMIZATION_LEVEL = "-Onone";
			};
			name = Debug;
		};
		FADC24EC261F5E3000BC9390 /* Release */ = {
			isa = XCBuildConfiguration;
			buildSettings = {
				ALWAYS_SEARCH_USER_PATHS = NO;
				CLANG_ANALYZER_NONNULL = YES;
				CLANG_ANALYZER_NUMBER_OBJECT_CONVERSION = YES_AGGRESSIVE;
				CLANG_CXX_LANGUAGE_STANDARD = "gnu++14";
				CLANG_CXX_LIBRARY = "libc++";
				CLANG_ENABLE_MODULES = YES;
				CLANG_ENABLE_OBJC_ARC = YES;
				CLANG_ENABLE_OBJC_WEAK = YES;
				CLANG_WARN_BLOCK_CAPTURE_AUTORELEASING = YES;
				CLANG_WARN_BOOL_CONVERSION = YES;
				CLANG_WARN_COMMA = YES;
				CLANG_WARN_CONSTANT_CONVERSION = YES;
				CLANG_WARN_DEPRECATED_OBJC_IMPLEMENTATIONS = YES;
				CLANG_WARN_DIRECT_OBJC_ISA_USAGE = YES_ERROR;
				CLANG_WARN_DOCUMENTATION_COMMENTS = YES;
				CLANG_WARN_EMPTY_BODY = YES;
				CLANG_WARN_ENUM_CONVERSION = YES;
				CLANG_WARN_INFINITE_RECURSION = YES;
				CLANG_WARN_INT_CONVERSION = YES;
				CLANG_WARN_NON_LITERAL_NULL_CONVERSION = YES;
				CLANG_WARN_OBJC_IMPLICIT_RETAIN_SELF = YES;
				CLANG_WARN_OBJC_LITERAL_CONVERSION = YES;
				CLANG_WARN_OBJC_ROOT_CLASS = YES_ERROR;
				CLANG_WARN_QUOTED_INCLUDE_IN_FRAMEWORK_HEADER = YES;
				CLANG_WARN_RANGE_LOOP_ANALYSIS = YES;
				CLANG_WARN_STRICT_PROTOTYPES = YES;
				CLANG_WARN_SUSPICIOUS_MOVE = YES;
				CLANG_WARN_UNGUARDED_AVAILABILITY = YES_AGGRESSIVE;
				CLANG_WARN_UNREACHABLE_CODE = YES;
				CLANG_WARN__DUPLICATE_METHOD_MATCH = YES;
				COPY_PHASE_STRIP = NO;
				DEBUG_INFORMATION_FORMAT = "dwarf-with-dsym";
				ENABLE_NS_ASSERTIONS = NO;
				ENABLE_STRICT_OBJC_MSGSEND = YES;
				GCC_C_LANGUAGE_STANDARD = gnu11;
				GCC_NO_COMMON_BLOCKS = YES;
				GCC_WARN_64_TO_32_BIT_CONVERSION = YES;
				GCC_WARN_ABOUT_RETURN_TYPE = YES_ERROR;
				GCC_WARN_UNDECLARED_SELECTOR = YES;
				GCC_WARN_UNINITIALIZED_AUTOS = YES_AGGRESSIVE;
				GCC_WARN_UNUSED_FUNCTION = YES;
				GCC_WARN_UNUSED_VARIABLE = YES;
				IPHONEOS_DEPLOYMENT_TARGET = 14.4;
				MTL_ENABLE_DEBUG_INFO = NO;
				MTL_FAST_MATH = YES;
				SDKROOT = iphoneos;
				SWIFT_COMPILATION_MODE = wholemodule;
				SWIFT_OPTIMIZATION_LEVEL = "-O";
				VALIDATE_PRODUCT = YES;
			};
			name = Release;
		};
		FADC24EE261F5E3000BC9390 /* Debug */ = {
			isa = XCBuildConfiguration;
			buildSettings = {
				ASSETCATALOG_COMPILER_APPICON_NAME = AppIcon;
				ASSETCATALOG_COMPILER_GLOBAL_ACCENT_COLOR_NAME = AccentColor;
				CODE_SIGN_STYLE = Automatic;
				DEVELOPMENT_ASSET_PATHS = "\"HWS-10-CupcakeCorner/Preview Content\"";
				DEVELOPMENT_TEAM = 5V98Z8U43N;
				ENABLE_PREVIEWS = YES;
				INFOPLIST_FILE = "HWS-10-CupcakeCorner/Info.plist";
				IPHONEOS_DEPLOYMENT_TARGET = 14.0;
				LD_RUNPATH_SEARCH_PATHS = (
					"$(inherited)",
					"@executable_path/Frameworks",
				);
				PRODUCT_BUNDLE_IDENTIFIER = "Manuel-Casocavallo.HWS-10-CupcakeCorner";
				PRODUCT_NAME = "$(TARGET_NAME)";
				SWIFT_VERSION = 5.0;
				TARGETED_DEVICE_FAMILY = "1,2";
			};
			name = Debug;
		};
		FADC24EF261F5E3000BC9390 /* Release */ = {
			isa = XCBuildConfiguration;
			buildSettings = {
				ASSETCATALOG_COMPILER_APPICON_NAME = AppIcon;
				ASSETCATALOG_COMPILER_GLOBAL_ACCENT_COLOR_NAME = AccentColor;
				CODE_SIGN_STYLE = Automatic;
				DEVELOPMENT_ASSET_PATHS = "\"HWS-10-CupcakeCorner/Preview Content\"";
				DEVELOPMENT_TEAM = 5V98Z8U43N;
				ENABLE_PREVIEWS = YES;
				INFOPLIST_FILE = "HWS-10-CupcakeCorner/Info.plist";
				IPHONEOS_DEPLOYMENT_TARGET = 14.0;
				LD_RUNPATH_SEARCH_PATHS = (
					"$(inherited)",
					"@executable_path/Frameworks",
				);
				PRODUCT_BUNDLE_IDENTIFIER = "Manuel-Casocavallo.HWS-10-CupcakeCorner";
				PRODUCT_NAME = "$(TARGET_NAME)";
				SWIFT_VERSION = 5.0;
				TARGETED_DEVICE_FAMILY = "1,2";
			};
			name = Release;
		};
/* End XCBuildConfiguration section */

/* Begin XCConfigurationList section */
		FADC24D9261F5E2F00BC9390 /* Build configuration list for PBXProject "HWS-10-CupcakeCorner" */ = {
			isa = XCConfigurationList;
			buildConfigurations = (
				FADC24EB261F5E3000BC9390 /* Debug */,
				FADC24EC261F5E3000BC9390 /* Release */,
			);
			defaultConfigurationIsVisible = 0;
			defaultConfigurationName = Release;
		};
		FADC24ED261F5E3000BC9390 /* Build configuration list for PBXNativeTarget "HWS-10-CupcakeCorner" */ = {
			isa = XCConfigurationList;
			buildConfigurations = (
				FADC24EE261F5E3000BC9390 /* Debug */,
				FADC24EF261F5E3000BC9390 /* Release */,
			);
			defaultConfigurationIsVisible = 0;
			defaultConfigurationName = Release;
		};
/* End XCConfigurationList section */
	};
	rootObject = FADC24D6261F5E2F00BC9390 /* Project object */;
}
